
Microsoft Visual Studio Solution File, Format Version 12.00
# Visual Studio Version 17
VisualStudioVersion = 17.6.33829.357
MinimumVisualStudioVersion = 10.0.40219.1
Project("{FAE04EC0-301F-11D3-BF4B-00C04F79EFBC}") = "Examination System", "Examination System\Examination System.csproj", "{FCBE0B6B-247E-4CCC-8B1B-B721B4A87A72}"
EndProject
Global
	GlobalSection(SolutionConfigurationPlatforms) = preSolution
		Debug|Any CPU = Debug|Any CPU
		Release|Any CPU = Release|Any CPU
	EndGlobalSection
	GlobalSection(ProjectConfigurationPlatforms) = postSolution
		{FCBE0B6B-247E-4CCC-8B1B-B721B4A87A72}.Debug|Any CPU.ActiveCfg = Debug|Any CPU
		{FCBE0B6B-247E-4CCC-8B1B-B721B4A87A72}.Debug|Any CPU.Build.0 = Debug|Any CPU
		{FCBE0B6B-247E-4CCC-8B1B-B721B4A87A72}.Release|Any CPU.ActiveCfg = Release|Any CPU
		{FCBE0B6B-247E-4CCC-8B1B-B721B4A87A72}.Release|Any CPU.Build.0 = Release|Any CPU
	EndGlobalSection
	GlobalSection(SolutionProperties) = preSolution
		HideSolutionNode = FALSE
	EndGlobalSection
	GlobalSection(ExtensibilityGlobals) = postSolution
		SolutionGuid = {4AAF4E36-152C-4BB6-B547-932DCF56D301}
	EndGlobalSection
EndGlobal
